github.com/mroth/weightedrand v0.4.1 h1:rHcbUBopmi/3x4nnrvwGJBhX9d0vk+KgoLUZeDP6YyI=
github.com/mroth/weightedrand v0.4.1/go.mod h1:3p2SIcC8al1YMzGhAIoXD+r9olo/g/cdJgAD905gyNE=
github.com/rosbit/gnet v0.0.4 h1:d78GBlKHocl1jCptBNVO4UY3bu7O/Qd0+3JMOR8ZadE=
github.com/rosbit/gnet v0.0.4/go.mod h1:4p58JSylqipqD061GlEB7pSjeU6qJwhxHpzW832KMZI=
